
Microsoft Visual Studio Solution File, Format Version 12.00
# Visual Studio Version 17
VisualStudioVersion = 17.14.36017.23 d17.14
MinimumVisualStudioVersion = 10.0.40219.1
Project("{FAE04EC0-301F-11D3-BF4B-00C04F79EFBC}") = "Alza.Convex", "Alza.Convex\Alza.Convex.csproj", "{226DAA1C-372D-4A5F-9736-8D9386137E9C}"
EndProject
Project("{FAE04EC0-301F-11D3-BF4B-00C04F79EFBC}") = "Alza.Convex.Tests", "Alza.Convex.Tests\Alza.Convex.Tests.csproj", "{91917E43-E2A3-449A-A0D2-24D01BB09F89}"
EndProject
Project("{FAE04EC0-301F-11D3-BF4B-00C04F79EFBC}") = "Alza.Convex.Logic", "Alza.Convex.Logic\Alza.Convex.Logic.csproj", "{FED619D1-ACE3-430E-8E27-D0365B673893}"
EndProject
Global
	GlobalSection(SolutionConfigurationPlatforms) = preSolution
		Debug|Any CPU = Debug|Any CPU
		Release|Any CPU = Release|Any CPU
	EndGlobalSection
	GlobalSection(ProjectConfigurationPlatforms) = postSolution
		{226DAA1C-372D-4A5F-9736-8D9386137E9C}.Debug|Any CPU.ActiveCfg = Debug|Any CPU
		{226DAA1C-372D-4A5F-9736-8D9386137E9C}.Debug|Any CPU.Build.0 = Debug|Any CPU
		{226DAA1C-372D-4A5F-9736-8D9386137E9C}.Release|Any CPU.ActiveCfg = Release|Any CPU
		{226DAA1C-372D-4A5F-9736-8D9386137E9C}.Release|Any CPU.Build.0 = Release|Any CPU
		{91917E43-E2A3-449A-A0D2-24D01BB09F89}.Debug|Any CPU.ActiveCfg = Debug|Any CPU
		{91917E43-E2A3-449A-A0D2-24D01BB09F89}.Debug|Any CPU.Build.0 = Debug|Any CPU
		{91917E43-E2A3-449A-A0D2-24D01BB09F89}.Release|Any CPU.ActiveCfg = Release|Any CPU
		{91917E43-E2A3-449A-A0D2-24D01BB09F89}.Release|Any CPU.Build.0 = Release|Any CPU
		{FED619D1-ACE3-430E-8E27-D0365B673893}.Debug|Any CPU.ActiveCfg = Debug|Any CPU
		{FED619D1-ACE3-430E-8E27-D0365B673893}.Debug|Any CPU.Build.0 = Debug|Any CPU
		{FED619D1-ACE3-430E-8E27-D0365B673893}.Release|Any CPU.ActiveCfg = Release|Any CPU
		{FED619D1-ACE3-430E-8E27-D0365B673893}.Release|Any CPU.Build.0 = Release|Any CPU
	EndGlobalSection
	GlobalSection(SolutionProperties) = preSolution
		HideSolutionNode = FALSE
	EndGlobalSection
	GlobalSection(ExtensibilityGlobals) = postSolution
		SolutionGuid = {7169C2BF-4819-4971-947B-5126EC592BE2}
	EndGlobalSection
EndGlobal
